
Microsoft Visual Studio Solution File, Format Version 12.00
# Visual Studio Version 17
VisualStudioVersion = 17.5.2.0
MinimumVisualStudioVersion = 10.0.40219.1
Project("{FAE04EC0-301F-11D3-BF4B-00C04F79EFBC}") = "PySharp", "PySharp\PySharp.csproj", "{50DD1E37-2CFE-174E-9A91-7A1FF93BC5B6}"
EndProject
Project("{FAE04EC0-301F-11D3-BF4B-00C04F79EFBC}") = "PySharp.Tests", "PySharp.Tests\PySharp.Tests.csproj", "{9ADB38E9-0926-4150-BA44-E48D4748F9BC}"
EndProject
Project("{FAE04EC0-301F-11D3-BF4B-00C04F79EFBC}") = "PySharp.Benchmarks", "PySharp.Benchmarks\PySharp.Benchmarks.csproj", "{5DB0AFF3-EC6D-4B9B-851F-1163C461BC14}"
EndProject
Global
	GlobalSection(SolutionConfigurationPlatforms) = preSolution
		Debug|Any CPU = Debug|Any CPU
		Debug|x64 = Debug|x64
		Debug|x86 = Debug|x86
		Release|Any CPU = Release|Any CPU
		Release|x64 = Release|x64
		Release|x86 = Release|x86
	EndGlobalSection
	GlobalSection(ProjectConfigurationPlatforms) = postSolution
		{50DD1E37-2CFE-174E-9A91-7A1FF93BC5B6}.Debug|Any CPU.ActiveCfg = Debug|Any CPU
		{50DD1E37-2CFE-174E-9A91-7A1FF93BC5B6}.Debug|Any CPU.Build.0 = Debug|Any CPU
		{50DD1E37-2CFE-174E-9A91-7A1FF93BC5B6}.Debug|x64.ActiveCfg = Debug|Any CPU
		{50DD1E37-2CFE-174E-9A91-7A1FF93BC5B6}.Debug|x64.Build.0 = Debug|Any CPU
		{50DD1E37-2CFE-174E-9A91-7A1FF93BC5B6}.Debug|x86.ActiveCfg = Debug|Any CPU
		{50DD1E37-2CFE-174E-9A91-7A1FF93BC5B6}.Debug|x86.Build.0 = Debug|Any CPU
		{50DD1E37-2CFE-174E-9A91-7A1FF93BC5B6}.Release|Any CPU.ActiveCfg = Release|Any CPU
		{50DD1E37-2CFE-174E-9A91-7A1FF93BC5B6}.Release|Any CPU.Build.0 = Release|Any CPU
		{50DD1E37-2CFE-174E-9A91-7A1FF93BC5B6}.Release|x64.ActiveCfg = Release|Any CPU
		{50DD1E37-2CFE-174E-9A91-7A1FF93BC5B6}.Release|x64.Build.0 = Release|Any CPU
		{50DD1E37-2CFE-174E-9A91-7A1FF93BC5B6}.Release|x86.ActiveCfg = Release|Any CPU
		{50DD1E37-2CFE-174E-9A91-7A1FF93BC5B6}.Release|x86.Build.0 = Release|Any CPU
		{9ADB38E9-0926-4150-BA44-E48D4748F9BC}.Debug|Any CPU.ActiveCfg = Debug|Any CPU
		{9ADB38E9-0926-4150-BA44-E48D4748F9BC}.Debug|Any CPU.Build.0 = Debug|Any CPU
		{9ADB38E9-0926-4150-BA44-E48D4748F9BC}.Debug|x64.ActiveCfg = Debug|Any CPU
		{9ADB38E9-0926-4150-BA44-E48D4748F9BC}.Debug|x64.Build.0 = Debug|Any CPU
		{9ADB38E9-0926-4150-BA44-E48D4748F9BC}.Debug|x86.ActiveCfg = Debug|Any CPU
		{9ADB38E9-0926-4150-BA44-E48D4748F9BC}.Debug|x86.Build.0 = Debug|Any CPU
		{9ADB38E9-0926-4150-BA44-E48D4748F9BC}.Release|Any CPU.ActiveCfg = Release|Any CPU
		{9ADB38E9-0926-4150-BA44-E48D4748F9BC}.Release|Any CPU.Build.0 = Release|Any CPU
		{9ADB38E9-0926-4150-BA44-E48D4748F9BC}.Release|x64.ActiveCfg = Release|Any CPU
		{9ADB38E9-0926-4150-BA44-E48D4748F9BC}.Release|x64.Build.0 = Release|Any CPU
		{9ADB38E9-0926-4150-BA44-E48D4748F9BC}.Release|x86.ActiveCfg = Release|Any CPU
		{9ADB38E9-0926-4150-BA44-E48D4748F9BC}.Release|x86.Build.0 = Release|Any CPU
		{5DB0AFF3-EC6D-4B9B-851F-1163C461BC14}.Debug|Any CPU.ActiveCfg = Debug|Any CPU
		{5DB0AFF3-EC6D-4B9B-851F-1163C461BC14}.Debug|Any CPU.Build.0 = Debug|Any CPU
		{5DB0AFF3-EC6D-4B9B-851F-1163C461BC14}.Debug|x64.ActiveCfg = Debug|Any CPU
		{5DB0AFF3-EC6D-4B9B-851F-1163C461BC14}.Debug|x64.Build.0 = Debug|Any CPU
		{5DB0AFF3-EC6D-4B9B-851F-1163C461BC14}.Debug|x86.ActiveCfg = Debug|Any CPU
		{5DB0AFF3-EC6D-4B9B-851F-1163C461BC14}.Debug|x86.Build.0 = Debug|Any CPU
		{5DB0AFF3-EC6D-4B9B-851F-1163C461BC14}.Release|Any CPU.ActiveCfg = Release|Any CPU
		{5DB0AFF3-EC6D-4B9B-851F-1163C461BC14}.Release|Any CPU.Build.0 = Release|Any CPU
		{5DB0AFF3-EC6D-4B9B-851F-1163C461BC14}.Release|x64.ActiveCfg = Release|Any CPU
		{5DB0AFF3-EC6D-4B9B-851F-1163C461BC14}.Release|x64.Build.0 = Release|Any CPU
		{5DB0AFF3-EC6D-4B9B-851F-1163C461BC14}.Release|x86.ActiveCfg = Release|Any CPU
		{5DB0AFF3-EC6D-4B9B-851F-1163C461BC14}.Release|x86.Build.0 = Release|Any CPU
	EndGlobalSection
	GlobalSection(SolutionProperties) = preSolution
		HideSolutionNode = FALSE
	EndGlobalSection
	GlobalSection(ExtensibilityGlobals) = postSolution
		SolutionGuid = {C565D147-F69D-47A7-9CDF-8673B4D33FF8}
	EndGlobalSection
EndGlobal
