
Microsoft Visual Studio Solution File, Format Version 12.00
# Visual Studio Version 17
VisualStudioVersion = 17.5.2.0
MinimumVisualStudioVersion = 10.0.40219.1
Project("{FAE04EC0-301F-11D3-BF4B-00C04F79EFBC}") = "PySharp.Benchmarks", "PySharp.Benchmarks\PySharp.Benchmarks.csproj", "{5DB0AFF3-EC6D-4B9B-851F-1163C461BC14}"
EndProject
Project("{2150E333-8FDC-42A3-9474-1A3956D46DE8}") = "src", "src", "{827E0CD3-B72D-47B6-A68D-7590B98EB39B}"
EndProject
Project("{FAE04EC0-301F-11D3-BF4B-00C04F79EFBC}") = "PySharp", "src\PySharp\PySharp.csproj", "{819C3E7A-59CB-4BF5-BADA-EA0E0FDC4B5A}"
EndProject
Project("{2150E333-8FDC-42A3-9474-1A3956D46DE8}") = "tests", "tests", "{0AB3BF05-4346-4AA6-1389-037BE0695223}"
EndProject
Project("{FAE04EC0-301F-11D3-BF4B-00C04F79EFBC}") = "PySharp.Tests", "tests\PySharp.Tests\PySharp.Tests.csproj", "{D79B90DC-9F47-4B7E-8655-0BD850C564BC}"
EndProject
Project("{FAE04EC0-301F-11D3-BF4B-00C04F79EFBC}") = "PySharp.SyntaxAnalysis.Tokens", "src\PySharp.SyntaxAnalysis.Tokens\PySharp.SyntaxAnalysis.Tokens.csproj", "{5DAB9589-9F17-4EA5-B823-988B676F55D0}"
EndProject
Global
	GlobalSection(SolutionConfigurationPlatforms) = preSolution
		Debug|Any CPU = Debug|Any CPU
		Debug|x64 = Debug|x64
		Debug|x86 = Debug|x86
		Release|Any CPU = Release|Any CPU
		Release|x64 = Release|x64
		Release|x86 = Release|x86
	EndGlobalSection
	GlobalSection(ProjectConfigurationPlatforms) = postSolution
		{5DB0AFF3-EC6D-4B9B-851F-1163C461BC14}.Debug|Any CPU.ActiveCfg = Debug|Any CPU
		{5DB0AFF3-EC6D-4B9B-851F-1163C461BC14}.Debug|Any CPU.Build.0 = Debug|Any CPU
		{5DB0AFF3-EC6D-4B9B-851F-1163C461BC14}.Debug|x64.ActiveCfg = Debug|Any CPU
		{5DB0AFF3-EC6D-4B9B-851F-1163C461BC14}.Debug|x64.Build.0 = Debug|Any CPU
		{5DB0AFF3-EC6D-4B9B-851F-1163C461BC14}.Debug|x86.ActiveCfg = Debug|Any CPU
		{5DB0AFF3-EC6D-4B9B-851F-1163C461BC14}.Debug|x86.Build.0 = Debug|Any CPU
		{5DB0AFF3-EC6D-4B9B-851F-1163C461BC14}.Release|Any CPU.ActiveCfg = Release|Any CPU
		{5DB0AFF3-EC6D-4B9B-851F-1163C461BC14}.Release|Any CPU.Build.0 = Release|Any CPU
		{5DB0AFF3-EC6D-4B9B-851F-1163C461BC14}.Release|x64.ActiveCfg = Release|Any CPU
		{5DB0AFF3-EC6D-4B9B-851F-1163C461BC14}.Release|x64.Build.0 = Release|Any CPU
		{5DB0AFF3-EC6D-4B9B-851F-1163C461BC14}.Release|x86.ActiveCfg = Release|Any CPU
		{5DB0AFF3-EC6D-4B9B-851F-1163C461BC14}.Release|x86.Build.0 = Release|Any CPU
		{819C3E7A-59CB-4BF5-BADA-EA0E0FDC4B5A}.Debug|Any CPU.ActiveCfg = Debug|Any CPU
		{819C3E7A-59CB-4BF5-BADA-EA0E0FDC4B5A}.Debug|Any CPU.Build.0 = Debug|Any CPU
		{819C3E7A-59CB-4BF5-BADA-EA0E0FDC4B5A}.Debug|x64.ActiveCfg = Debug|Any CPU
		{819C3E7A-59CB-4BF5-BADA-EA0E0FDC4B5A}.Debug|x64.Build.0 = Debug|Any CPU
		{819C3E7A-59CB-4BF5-BADA-EA0E0FDC4B5A}.Debug|x86.ActiveCfg = Debug|Any CPU
		{819C3E7A-59CB-4BF5-BADA-EA0E0FDC4B5A}.Debug|x86.Build.0 = Debug|Any CPU
		{819C3E7A-59CB-4BF5-BADA-EA0E0FDC4B5A}.Release|Any CPU.ActiveCfg = Release|Any CPU
		{819C3E7A-59CB-4BF5-BADA-EA0E0FDC4B5A}.Release|Any CPU.Build.0 = Release|Any CPU
		{819C3E7A-59CB-4BF5-BADA-EA0E0FDC4B5A}.Release|x64.ActiveCfg = Release|Any CPU
		{819C3E7A-59CB-4BF5-BADA-EA0E0FDC4B5A}.Release|x64.Build.0 = Release|Any CPU
		{819C3E7A-59CB-4BF5-BADA-EA0E0FDC4B5A}.Release|x86.ActiveCfg = Release|Any CPU
		{819C3E7A-59CB-4BF5-BADA-EA0E0FDC4B5A}.Release|x86.Build.0 = Release|Any CPU
		{D79B90DC-9F47-4B7E-8655-0BD850C564BC}.Debug|Any CPU.ActiveCfg = Debug|Any CPU
		{D79B90DC-9F47-4B7E-8655-0BD850C564BC}.Debug|Any CPU.Build.0 = Debug|Any CPU
		{D79B90DC-9F47-4B7E-8655-0BD850C564BC}.Debug|x64.ActiveCfg = Debug|Any CPU
		{D79B90DC-9F47-4B7E-8655-0BD850C564BC}.Debug|x64.Build.0 = Debug|Any CPU
		{D79B90DC-9F47-4B7E-8655-0BD850C564BC}.Debug|x86.ActiveCfg = Debug|Any CPU
		{D79B90DC-9F47-4B7E-8655-0BD850C564BC}.Debug|x86.Build.0 = Debug|Any CPU
		{D79B90DC-9F47-4B7E-8655-0BD850C564BC}.Release|Any CPU.ActiveCfg = Release|Any CPU
		{D79B90DC-9F47-4B7E-8655-0BD850C564BC}.Release|Any CPU.Build.0 = Release|Any CPU
		{D79B90DC-9F47-4B7E-8655-0BD850C564BC}.Release|x64.ActiveCfg = Release|Any CPU
		{D79B90DC-9F47-4B7E-8655-0BD850C564BC}.Release|x64.Build.0 = Release|Any CPU
		{D79B90DC-9F47-4B7E-8655-0BD850C564BC}.Release|x86.ActiveCfg = Release|Any CPU
		{D79B90DC-9F47-4B7E-8655-0BD850C564BC}.Release|x86.Build.0 = Release|Any CPU
		{5DAB9589-9F17-4EA5-B823-988B676F55D0}.Debug|Any CPU.ActiveCfg = Debug|Any CPU
		{5DAB9589-9F17-4EA5-B823-988B676F55D0}.Debug|Any CPU.Build.0 = Debug|Any CPU
		{5DAB9589-9F17-4EA5-B823-988B676F55D0}.Debug|x64.ActiveCfg = Debug|Any CPU
		{5DAB9589-9F17-4EA5-B823-988B676F55D0}.Debug|x64.Build.0 = Debug|Any CPU
		{5DAB9589-9F17-4EA5-B823-988B676F55D0}.Debug|x86.ActiveCfg = Debug|Any CPU
		{5DAB9589-9F17-4EA5-B823-988B676F55D0}.Debug|x86.Build.0 = Debug|Any CPU
		{5DAB9589-9F17-4EA5-B823-988B676F55D0}.Release|Any CPU.ActiveCfg = Release|Any CPU
		{5DAB9589-9F17-4EA5-B823-988B676F55D0}.Release|Any CPU.Build.0 = Release|Any CPU
		{5DAB9589-9F17-4EA5-B823-988B676F55D0}.Release|x64.ActiveCfg = Release|Any CPU
		{5DAB9589-9F17-4EA5-B823-988B676F55D0}.Release|x64.Build.0 = Release|Any CPU
		{5DAB9589-9F17-4EA5-B823-988B676F55D0}.Release|x86.ActiveCfg = Release|Any CPU
		{5DAB9589-9F17-4EA5-B823-988B676F55D0}.Release|x86.Build.0 = Release|Any CPU
	EndGlobalSection
	GlobalSection(SolutionProperties) = preSolution
		HideSolutionNode = FALSE
	EndGlobalSection
	GlobalSection(NestedProjects) = preSolution
		{819C3E7A-59CB-4BF5-BADA-EA0E0FDC4B5A} = {827E0CD3-B72D-47B6-A68D-7590B98EB39B}
		{D79B90DC-9F47-4B7E-8655-0BD850C564BC} = {0AB3BF05-4346-4AA6-1389-037BE0695223}
		{5DAB9589-9F17-4EA5-B823-988B676F55D0} = {827E0CD3-B72D-47B6-A68D-7590B98EB39B}
	EndGlobalSection
	GlobalSection(ExtensibilityGlobals) = postSolution
		SolutionGuid = {C565D147-F69D-47A7-9CDF-8673B4D33FF8}
	EndGlobalSection
EndGlobal
